Microsoft Visual Studio Solution File, Format Version 12.00
# Visual Studio Version 17
VisualStudioVersion = 17.5.2.0
MinimumVisualStudioVersion = 10.0.40219.1
Project("{FAE04EC0-301F-11D3-BF4B-00C04F79EFBC}") = "DailyPlannerGuI", "DailyPlannerGuI.csproj", "{86818582-9F33-052B-9B54-AA0A8792B648}"
EndProject
Global
	GlobalSection(SolutionConfigurationPlatforms) = preSolution
		Debug|Any CPU = Debug|Any CPU
		Release|Any CPU = Release|Any CPU
	EndGlobalSection
	GlobalSection(ProjectConfigurationPlatforms) = postSolution
		{86818582-9F33-052B-9B54-AA0A8792B648}.Debug|Any CPU.ActiveCfg = Debug|Any CPU
		{86818582-9F33-052B-9B54-AA0A8792B648}.Debug|Any CPU.Build.0 = Debug|Any CPU
		{86818582-9F33-052B-9B54-AA0A8792B648}.Release|Any CPU.ActiveCfg = Release|Any CPU
		{86818582-9F33-052B-9B54-AA0A8792B648}.Release|Any CPU.Build.0 = Release|Any CPU
	EndGlobalSection
	GlobalSection(SolutionProperties) = preSolution
		HideSolutionNode = FALSE
	EndGlobalSection
	GlobalSection(ExtensibilityGlobals) = postSolution
		SolutionGuid = {CD54F05F-8F0C-4136-910A-7A7B3978DA3F}
	EndGlobalSection
EndGlobal
